
Microsoft Visual Studio Solution File, Format Version 12.00
# Visual Studio Version 16
VisualStudioVersion = 16.0.31624.102
MinimumVisualStudioVersion = 10.0.40219.1
Project("{8BC9CEB8-8B4A-11D0-8D11-00A0C91BC942}") = "dvrkDynModelLib", "dvrkDynModelLib.vcxproj", "{083F361A-D23A-458D-BBB4-3EFBCF4CAC26}"
EndProject
Project("{8BC9CEB8-8B4A-11D0-8D11-00A0C91BC942}") = "dvrkDynModelLib_test", "..\dvrkDynModelLib_test\dvrkDynModelLib_test.vcxproj", "{9A7F26F5-2551-456A-B4A5-50ABBB50D163}"
EndProject
Global
	GlobalSection(SolutionConfigurationPlatforms) = preSolution
		Debug|x64 = Debug|x64
		Debug|x86 = Debug|x86
		Release|x64 = Release|x64
		Release|x86 = Release|x86
	EndGlobalSection
	GlobalSection(ProjectConfigurationPlatforms) = postSolution
		{083F361A-D23A-458D-BBB4-3EFBCF4CAC26}.Debug|x64.ActiveCfg = Debug|x64
		{083F361A-D23A-458D-BBB4-3EFBCF4CAC26}.Debug|x64.Build.0 = Debug|x64
		{083F361A-D23A-458D-BBB4-3EFBCF4CAC26}.Debug|x86.ActiveCfg = Debug|Win32
		{083F361A-D23A-458D-BBB4-3EFBCF4CAC26}.Debug|x86.Build.0 = Debug|Win32
		{083F361A-D23A-458D-BBB4-3EFBCF4CAC26}.Release|x64.ActiveCfg = Release|x64
		{083F361A-D23A-458D-BBB4-3EFBCF4CAC26}.Release|x64.Build.0 = Release|x64
		{083F361A-D23A-458D-BBB4-3EFBCF4CAC26}.Release|x86.ActiveCfg = Release|Win32
		{083F361A-D23A-458D-BBB4-3EFBCF4CAC26}.Release|x86.Build.0 = Release|Win32
		{9A7F26F5-2551-456A-B4A5-50ABBB50D163}.Debug|x64.ActiveCfg = Debug|x64
		{9A7F26F5-2551-456A-B4A5-50ABBB50D163}.Debug|x64.Build.0 = Debug|x64
		{9A7F26F5-2551-456A-B4A5-50ABBB50D163}.Debug|x86.ActiveCfg = Debug|Win32
		{9A7F26F5-2551-456A-B4A5-50ABBB50D163}.Debug|x86.Build.0 = Debug|Win32
		{9A7F26F5-2551-456A-B4A5-50ABBB50D163}.Release|x64.ActiveCfg = Release|x64
		{9A7F26F5-2551-456A-B4A5-50ABBB50D163}.Release|x64.Build.0 = Release|x64
		{9A7F26F5-2551-456A-B4A5-50ABBB50D163}.Release|x86.ActiveCfg = Release|Win32
		{9A7F26F5-2551-456A-B4A5-50ABBB50D163}.Release|x86.Build.0 = Release|Win32
	EndGlobalSection
	GlobalSection(SolutionProperties) = preSolution
		HideSolutionNode = FALSE
	EndGlobalSection
	GlobalSection(ExtensibilityGlobals) = postSolution
		SolutionGuid = {86FE7478-2A72-4B18-A2C5-CE6112B56433}
	EndGlobalSection
EndGlobal
